
Microsoft Visual Studio Solution File, Format Version 12.00
# Visual Studio Version 16
VisualStudioVersion = 16.0.31205.134
MinimumVisualStudioVersion = 15.0.26124.0
Project("{9A19103F-16F7-4668-BE54-9A1E7A4F7556}") = "FriendlyWordsDotNet", "FriendlyWordsDotNet\FriendlyWordsDotNet.csproj", "{34E39957-0C73-41ED-BB05-741EFCC6B260}"
EndProject
Project("{9A19103F-16F7-4668-BE54-9A1E7A4F7556}") = "FriendlyWordsDotNet.SourceGenerators", "FriendlyWordsDotNet.SourceGenerators\FriendlyWordsDotNet.SourceGenerators.csproj", "{36BF62A4-D25F-4988-9C18-BB753C8AE83D}"
EndProject
Project("{9A19103F-16F7-4668-BE54-9A1E7A4F7556}") = "FriendlyWordsDotNet.SourceGenerators.Tests", "FriendlyWordsDotNet.SourceGenerators.Tests\FriendlyWordsDotNet.SourceGenerators.Tests.csproj", "{233F4017-3961-42E4-A4A6-60437D547984}"
EndProject
Project("{2150E333-8FDC-42A3-9474-1A3956D46DE8}") = "Solution Items", "Solution Items", "{B5DC0E6F-1E0F-4EE4-B2C0-005D391884A8}"
	ProjectSection(SolutionItems) = preProject
		.editorconfig = .editorconfig
	EndProjectSection
EndProject
Global
	GlobalSection(SolutionConfigurationPlatforms) = preSolution
		Debug|Any CPU = Debug|Any CPU
		Debug|x64 = Debug|x64
		Debug|x86 = Debug|x86
		Release|Any CPU = Release|Any CPU
		Release|x64 = Release|x64
		Release|x86 = Release|x86
	EndGlobalSection
	GlobalSection(ProjectConfigurationPlatforms) = postSolution
		{34E39957-0C73-41ED-BB05-741EFCC6B260}.Debug|Any CPU.ActiveCfg = Debug|Any CPU
		{34E39957-0C73-41ED-BB05-741EFCC6B260}.Debug|Any CPU.Build.0 = Debug|Any CPU
		{34E39957-0C73-41ED-BB05-741EFCC6B260}.Debug|x64.ActiveCfg = Debug|Any CPU
		{34E39957-0C73-41ED-BB05-741EFCC6B260}.Debug|x64.Build.0 = Debug|Any CPU
		{34E39957-0C73-41ED-BB05-741EFCC6B260}.Debug|x86.ActiveCfg = Debug|Any CPU
		{34E39957-0C73-41ED-BB05-741EFCC6B260}.Debug|x86.Build.0 = Debug|Any CPU
		{34E39957-0C73-41ED-BB05-741EFCC6B260}.Release|Any CPU.ActiveCfg = Release|Any CPU
		{34E39957-0C73-41ED-BB05-741EFCC6B260}.Release|Any CPU.Build.0 = Release|Any CPU
		{34E39957-0C73-41ED-BB05-741EFCC6B260}.Release|x64.ActiveCfg = Release|Any CPU
		{34E39957-0C73-41ED-BB05-741EFCC6B260}.Release|x64.Build.0 = Release|Any CPU
		{34E39957-0C73-41ED-BB05-741EFCC6B260}.Release|x86.ActiveCfg = Release|Any CPU
		{34E39957-0C73-41ED-BB05-741EFCC6B260}.Release|x86.Build.0 = Release|Any CPU
		{36BF62A4-D25F-4988-9C18-BB753C8AE83D}.Debug|Any CPU.ActiveCfg = Debug|Any CPU
		{36BF62A4-D25F-4988-9C18-BB753C8AE83D}.Debug|Any CPU.Build.0 = Debug|Any CPU
		{36BF62A4-D25F-4988-9C18-BB753C8AE83D}.Debug|x64.ActiveCfg = Debug|Any CPU
		{36BF62A4-D25F-4988-9C18-BB753C8AE83D}.Debug|x64.Build.0 = Debug|Any CPU
		{36BF62A4-D25F-4988-9C18-BB753C8AE83D}.Debug|x86.ActiveCfg = Debug|Any CPU
		{36BF62A4-D25F-4988-9C18-BB753C8AE83D}.Debug|x86.Build.0 = Debug|Any CPU
		{36BF62A4-D25F-4988-9C18-BB753C8AE83D}.Release|Any CPU.ActiveCfg = Release|Any CPU
		{36BF62A4-D25F-4988-9C18-BB753C8AE83D}.Release|Any CPU.Build.0 = Release|Any CPU
		{36BF62A4-D25F-4988-9C18-BB753C8AE83D}.Release|x64.ActiveCfg = Release|Any CPU
		{36BF62A4-D25F-4988-9C18-BB753C8AE83D}.Release|x64.Build.0 = Release|Any CPU
		{36BF62A4-D25F-4988-9C18-BB753C8AE83D}.Release|x86.ActiveCfg = Release|Any CPU
		{36BF62A4-D25F-4988-9C18-BB753C8AE83D}.Release|x86.Build.0 = Release|Any CPU
		{233F4017-3961-42E4-A4A6-60437D547984}.Debug|Any CPU.ActiveCfg = Debug|Any CPU
		{233F4017-3961-42E4-A4A6-60437D547984}.Debug|Any CPU.Build.0 = Debug|Any CPU
		{233F4017-3961-42E4-A4A6-60437D547984}.Debug|x64.ActiveCfg = Debug|Any CPU
		{233F4017-3961-42E4-A4A6-60437D547984}.Debug|x64.Build.0 = Debug|Any CPU
		{233F4017-3961-42E4-A4A6-60437D547984}.Debug|x86.ActiveCfg = Debug|Any CPU
		{233F4017-3961-42E4-A4A6-60437D547984}.Debug|x86.Build.0 = Debug|Any CPU
		{233F4017-3961-42E4-A4A6-60437D547984}.Release|Any CPU.ActiveCfg = Release|Any CPU
		{233F4017-3961-42E4-A4A6-60437D547984}.Release|Any CPU.Build.0 = Release|Any CPU
		{233F4017-3961-42E4-A4A6-60437D547984}.Release|x64.ActiveCfg = Release|Any CPU
		{233F4017-3961-42E4-A4A6-60437D547984}.Release|x64.Build.0 = Release|Any CPU
		{233F4017-3961-42E4-A4A6-60437D547984}.Release|x86.ActiveCfg = Release|Any CPU
		{233F4017-3961-42E4-A4A6-60437D547984}.Release|x86.Build.0 = Release|Any CPU
	EndGlobalSection
	GlobalSection(SolutionProperties) = preSolution
		HideSolutionNode = FALSE
	EndGlobalSection
	GlobalSection(ExtensibilityGlobals) = postSolution
		SolutionGuid = {1AD2EE6B-0FB9-445A-88AC-946BD8B4B60D}
	EndGlobalSection
EndGlobal
